
Microsoft Visual Studio Solution File, Format Version 12.00
# Visual Studio Version 16
VisualStudioVersion = 16.0.30608.117
MinimumVisualStudioVersion = 10.0.40219.1
Project("{FAE04EC0-301F-11D3-BF4B-00C04F79EFBC}") = "CenterHexes", "CenterHexes.csproj", "{BA6193ED-3A6E-4589-AC77-224C0ED05BAA}"
EndProject
Global
	GlobalSection(SolutionConfigurationPlatforms) = preSolution
		Debug|Any CPU = Debug|Any CPU
		Release|Any CPU = Release|Any CPU
	EndGlobalSection
	GlobalSection(ProjectConfigurationPlatforms) = postSolution
		{BA6193ED-3A6E-4589-AC77-224C0ED05BAA}.Debug|Any CPU.ActiveCfg = Debug|Any CPU
		{BA6193ED-3A6E-4589-AC77-224C0ED05BAA}.Debug|Any CPU.Build.0 = Debug|Any CPU
		{BA6193ED-3A6E-4589-AC77-224C0ED05BAA}.Release|Any CPU.ActiveCfg = Release|Any CPU
		{BA6193ED-3A6E-4589-AC77-224C0ED05BAA}.Release|Any CPU.Build.0 = Release|Any CPU
	EndGlobalSection
	GlobalSection(SolutionProperties) = preSolution
		HideSolutionNode = FALSE
	EndGlobalSection
	GlobalSection(ExtensibilityGlobals) = postSolution
		SolutionGuid = {C2FABCDE-3315-489A-B186-460427F295ED}
	EndGlobalSection
EndGlobal
